
Microsoft Visual Studio Solution File, Format Version 12.00
# Visual Studio 2013
VisualStudioVersion = 12.0.31101.0
MinimumVisualStudioVersion = 10.0.40219.1
Project("{FAE04EC0-301F-11D3-BF4B-00C04F79EFBC}") = "Timetable.BusinessServers", "BusinessServers\Timetable.BusinessServers.csproj", "{87863892-FF7D-465A-AB2E-2A60B3A20B8B}"
EndProject
Project("{FAE04EC0-301F-11D3-BF4B-00C04F79EFBC}") = "Timetable.Objects", "Objects\Timetable.Objects.csproj", "{2795B89A-2EAC-4819-ACA5-C29BACA49134}"
EndProject
Project("{FAE04EC0-301F-11D3-BF4B-00C04F79EFBC}") = "Timetable.ODataBackend", "ODataBackend\Timetable.ODataBackend.csproj", "{137CC860-DC5C-44CE-9D3F-59113645D49C}"
EndProject
Global
	GlobalSection(SolutionConfigurationPlatforms) = preSolution
Debug|Any CPU = Debug|Any CPU
Release|Any CPU = Release|Any CPU
	EndGlobalSection
	GlobalSection(ProjectConfigurationPlatforms) = postSolution
		{87863892-FF7D-465A-AB2E-2A60B3A20B8B}.Debug|Any CPU.ActiveCfg = Debug|Any CPU
		{87863892-FF7D-465A-AB2E-2A60B3A20B8B}.Debug|Any CPU.Build.0 = Debug|Any CPU
		{87863892-FF7D-465A-AB2E-2A60B3A20B8B}.Release|Any CPU.ActiveCfg = Release|Any CPU
		{87863892-FF7D-465A-AB2E-2A60B3A20B8B}.Release|Any CPU.Build.0 = Release|Any CPU
		{2795B89A-2EAC-4819-ACA5-C29BACA49134}.Debug|Any CPU.ActiveCfg = Debug|Any CPU
		{2795B89A-2EAC-4819-ACA5-C29BACA49134}.Debug|Any CPU.Build.0 = Debug|Any CPU
		{2795B89A-2EAC-4819-ACA5-C29BACA49134}.Release|Any CPU.ActiveCfg = Release|Any CPU
		{2795B89A-2EAC-4819-ACA5-C29BACA49134}.Release|Any CPU.Build.0 = Release|Any CPU
		{137CC860-DC5C-44CE-9D3F-59113645D49C}.Debug|Any CPU.ActiveCfg = Debug|Any CPU
		{137CC860-DC5C-44CE-9D3F-59113645D49C}.Debug|Any CPU.Build.0 = Debug|Any CPU
		{137CC860-DC5C-44CE-9D3F-59113645D49C}.Release|Any CPU.ActiveCfg = Release|Any CPU
		{137CC860-DC5C-44CE-9D3F-59113645D49C}.Release|Any CPU.Build.0 = Release|Any CPU
	EndGlobalSection
	GlobalSection(SolutionProperties) = preSolution
		HideSolutionNode = FALSE
	EndGlobalSection
EndGlobal
