
Microsoft Visual Studio Solution File, Format Version 12.00
# Visual Studio 15
VisualStudioVersion = 15.0.27703.2042
MinimumVisualStudioVersion = 10.0.40219.1
Project("{FAE04EC0-301F-11D3-BF4B-00C04F79EFBC}") = "Timetable.Objects", "Objects\Timetable.Objects.csproj", "{2795B89A-2EAC-4819-ACA5-C29BACA49134}"
EndProject
Project("{FAE04EC0-301F-11D3-BF4B-00C04F79EFBC}") = "Timetable.ODataBackend", "ODataBackend\Timetable.ODataBackend.csproj", "{137CC860-DC5C-44CE-9D3F-59113645D49C}"
EndProject
Project("{FAE04EC0-301F-11D3-BF4B-00C04F79EFBC}") = "Timetable.BusinessServers", "Timetable.BusinessServers\Timetable.BusinessServers.csproj", "{D2628E93-4F0E-4BA2-A460-64EF7AC91245}"
EndProject
Global
	GlobalSection(SolutionConfigurationPlatforms) = preSolution
		Debug|Any CPU = Debug|Any CPU
		Release|Any CPU = Release|Any CPU
	EndGlobalSection
	GlobalSection(ProjectConfigurationPlatforms) = postSolution
		{2795B89A-2EAC-4819-ACA5-C29BACA49134}.Debug|Any CPU.ActiveCfg = Debug|Any CPU
		{2795B89A-2EAC-4819-ACA5-C29BACA49134}.Debug|Any CPU.Build.0 = Debug|Any CPU
		{2795B89A-2EAC-4819-ACA5-C29BACA49134}.Release|Any CPU.ActiveCfg = Release|Any CPU
		{2795B89A-2EAC-4819-ACA5-C29BACA49134}.Release|Any CPU.Build.0 = Release|Any CPU
		{137CC860-DC5C-44CE-9D3F-59113645D49C}.Debug|Any CPU.ActiveCfg = Debug|Any CPU
		{137CC860-DC5C-44CE-9D3F-59113645D49C}.Debug|Any CPU.Build.0 = Debug|Any CPU
		{137CC860-DC5C-44CE-9D3F-59113645D49C}.Release|Any CPU.ActiveCfg = Release|Any CPU
		{137CC860-DC5C-44CE-9D3F-59113645D49C}.Release|Any CPU.Build.0 = Release|Any CPU
		{D2628E93-4F0E-4BA2-A460-64EF7AC91245}.Debug|Any CPU.ActiveCfg = Debug|Any CPU
		{D2628E93-4F0E-4BA2-A460-64EF7AC91245}.Debug|Any CPU.Build.0 = Debug|Any CPU
		{D2628E93-4F0E-4BA2-A460-64EF7AC91245}.Release|Any CPU.ActiveCfg = Release|Any CPU
		{D2628E93-4F0E-4BA2-A460-64EF7AC91245}.Release|Any CPU.Build.0 = Release|Any CPU
	EndGlobalSection
	GlobalSection(SolutionProperties) = preSolution
		HideSolutionNode = FALSE
	EndGlobalSection
	GlobalSection(ExtensibilityGlobals) = postSolution
		EnterpriseLibraryConfigurationToolBinariesPath = packages\Unity.2.1.505.2\lib\NET35
		SolutionGuid = {6486F8D3-3F79-4BE1-8DC0-13FFD45287D6}
	EndGlobalSection
EndGlobal
